// !$*UTF8*$!
{
	archiveVersion = 1;
	classes = {
	};
	objectVersion = 46;
	objects = {

/* Begin PBXBuildFile section */
		EADB22D51E4AFE470097C2D0 /* main.m in Sources */ = {isa = PBXBuildFile; fileRef = EADB22D41E4AFE470097C2D0 /* main.m */; };
		EADB22D81E4AFE470097C2D0 /* AppDelegate.m in Sources */ = {isa = PBXBuildFile; fileRef = EADB22D71E4AFE470097C2D0 /* AppDelegate.m */; };
		EADB22DB1E4AFE470097C2D0 /* ViewController.m in Sources */ = {isa = PBXBuildFile; fileRef = EADB22DA1E4AFE470097C2D0 /* ViewController.m */; };
		EADB22DE1E4AFE470097C2D0 /* Main.storyboard in Resources */ = {isa = PBXBuildFile; fileRef = EADB22DC1E4AFE470097C2D0 /* Main.storyboard */; };
		EADB22E01E4AFE470097C2D0 /* Assets.xcassets in Resources */ = {isa = PBXBuildFile; fileRef = EADB22DF1E4AFE470097C2D0 /* Assets.xcassets */; };
		EADB22E31E4AFE470097C2D0 /* LaunchScreen.storyboard in Resources */ = {isa = PBXBuildFile; fileRef = EADB22E11E4AFE470097C2D0 /* LaunchScreen.storyboard */; };
		EADB22EC1E4AFE990097C2D0 /* CaculatorMaker.m in Sources */ = {isa = PBXBuildFile; fileRef = EADB22EB1E4AFE990097C2D0 /* CaculatorMaker.m */; };
		EADB22EF1E4B02A90097C2D0 /* ZTOperation.m in Sources */ = {isa = PBXBuildFile; fileRef = EADB22EE1E4B02A90097C2D0 /* ZTOperation.m */; };
/* End PBXBuildFile section */

/* Begin PBXFileReference section */
		EADB22D01E4AFE470097C2D0 /* 链式编程.app */ = {isa = PBXFileReference; explicitFileType = wrapper.application; includeInIndex = 0; path = "链式编程.app"; sourceTree = BUILT_PRODUCTS_DIR; };
		EADB22D41E4AFE470097C2D0 /* main.m */ = {isa = PBXFileReference; lastKnownFileType = sourcecode.c.objc; path = main.m; sourceTree = "<group>"; };
		EADB22D61E4AFE470097C2D0 /* AppDelegate.h */ = {isa = PBXFileReference; lastKnownFileType = sourcecode.c.h; path = AppDelegate.h; sourceTree = "<group>"; };
		EADB22D71E4AFE470097C2D0 /* AppDelegate.m */ = {isa = PBXFileReference; lastKnownFileType = sourcecode.c.objc; path = AppDelegate.m; sourceTree = "<group>"; };
		EADB22D91E4AFE470097C2D0 /* ViewController.h */ = {isa = PBXFileReference; lastKnownFileType = sourcecode.c.h; path = ViewController.h; sourceTree = "<group>"; };
		EADB22DA1E4AFE470097C2D0 /* ViewController.m */ = {isa = PBXFileReference; lastKnownFileType = sourcecode.c.objc; path = ViewController.m; sourceTree = "<group>"; };
		EADB22DD1E4AFE470097C2D0 /* Base */ = {isa = PBXFileReference; lastKnownFileType = file.storyboard; name = Base; path = Base.lproj/Main.storyboard; sourceTree = "<group>"; };
		EADB22DF1E4AFE470097C2D0 /* Assets.xcassets */ = {isa = PBXFileReference; lastKnownFileType = folder.assetcatalog; path = Assets.xcassets; sourceTree = "<group>"; };
		EADB22E21E4AFE470097C2D0 /* Base */ = {isa = PBXFileReference; lastKnownFileType = file.storyboard; name = Base; path = Base.lproj/LaunchScreen.storyboard; sourceTree = "<group>"; };
		EADB22E41E4AFE470097C2D0 /* Info.plist */ = {isa = PBXFileReference; lastKnownFileType = text.plist.xml; path = Info.plist; sourceTree = "<group>"; };
		EADB22EA1E4AFE990097C2D0 /* CaculatorMaker.h */ = {isa = PBXFileReference; fileEncoding = 4; lastKnownFileType = sourcecode.c.h; path = CaculatorMaker.h; sourceTree = "<group>"; };
		EADB22EB1E4AFE990097C2D0 /* CaculatorMaker.m */ = {isa = PBXFileReference; fileEncoding = 4; lastKnownFileType = sourcecode.c.objc; path = CaculatorMaker.m; sourceTree = "<group>"; };
		EADB22ED1E4B02A90097C2D0 /* ZTOperation.h */ = {isa = PBXFileReference; fileEncoding = 4; lastKnownFileType = sourcecode.c.h; path = ZTOperation.h; sourceTree = "<group>"; };
		EADB22EE1E4B02A90097C2D0 /* ZTOperation.m */ = {isa = PBXFileReference; fileEncoding = 4; lastKnownFileType = sourcecode.c.objc; path = ZTOperation.m; sourceTree = "<group>"; };
/* End PBXFileReference section */

/* Begin PBXFrameworksBuildPhase section */
		EADB22CD1E4AFE470097C2D0 /* Frameworks */ = {
			isa = PBXFrameworksBuildPhase;
			buildActionMask = 2147483647;
			files = (
			);
			runOnlyForDeploymentPostprocessing = 0;
		};
/* End PBXFrameworksBuildPhase section */

/* Begin PBXGroup section */
		EADB22C71E4AFE460097C2D0 = {
			isa = PBXGroup;
			children = (
				EADB22D21E4AFE470097C2D0 /* 链式编程 */,
				EADB22D11E4AFE470097C2D0 /* Products */,
			);
			sourceTree = "<group>";
		};
		EADB22D11E4AFE470097C2D0 /* Products */ = {
			isa = PBXGroup;
			children = (
				EADB22D01E4AFE470097C2D0 /* 链式编程.app */,
			);
			name = Products;
			sourceTree = "<group>";
		};
		EADB22D21E4AFE470097C2D0 /* 链式编程 */ = {
			isa = PBXGroup;
			children = (
				EADB22D61E4AFE470097C2D0 /* AppDelegate.h */,
				EADB22D71E4AFE470097C2D0 /* AppDelegate.m */,
				EADB22D91E4AFE470097C2D0 /* ViewController.h */,
				EADB22DA1E4AFE470097C2D0 /* ViewController.m */,
				EADB22EA1E4AFE990097C2D0 /* CaculatorMaker.h */,
				EADB22EB1E4AFE990097C2D0 /* CaculatorMaker.m */,
				EADB22ED1E4B02A90097C2D0 /* ZTOperation.h */,
				EADB22EE1E4B02A90097C2D0 /* ZTOperation.m */,
				EADB22DC1E4AFE470097C2D0 /* Main.storyboard */,
				EADB22DF1E4AFE470097C2D0 /* Assets.xcassets */,
				EADB22E11E4AFE470097C2D0 /* LaunchScreen.storyboard */,
				EADB22E41E4AFE470097C2D0 /* Info.plist */,
				EADB22D31E4AFE470097C2D0 /* Supporting Files */,
			);
			path = "链式编程";
			sourceTree = "<group>";
		};
		EADB22D31E4AFE470097C2D0 /* Supporting Files */ = {
			isa = PBXGroup;
			children = (
				EADB22D41E4AFE470097C2D0 /* main.m */,
			);
			name = "Supporting Files";
			sourceTree = "<group>";
		};
/* End PBXGroup section */

/* Begin PBXNativeTarget section */
		EADB22CF1E4AFE470097C2D0 /* 链式编程 */ = {
			isa = PBXNativeTarget;
			buildConfigurationList = EADB22E71E4AFE470097C2D0 /* Build configuration list for PBXNativeTarget "链式编程" */;
			buildPhases = (
				EADB22CC1E4AFE470097C2D0 /* Sources */,
				EADB22CD1E4AFE470097C2D0 /* Frameworks */,
				EADB22CE1E4AFE470097C2D0 /* Resources */,
			);
			buildRules = (
			);
			dependencies = (
			);
			name = "链式编程";
			productName = "链式编程";
			productReference = EADB22D01E4AFE470097C2D0 /* 链式编程.app */;
			productType = "com.apple.product-type.application";
		};
/* End PBXNativeTarget section */

/* Begin PBXProject section */
		EADB22C81E4AFE460097C2D0 /* Project object */ = {
			isa = PBXProject;
			attributes = {
				LastUpgradeCheck = 0800;
				ORGANIZATIONNAME = ZThink;
				TargetAttributes = {
					EADB22CF1E4AFE470097C2D0 = {
						CreatedOnToolsVersion = 8.0;
						ProvisioningStyle = Automatic;
					};
				};
			};
			buildConfigurationList = EADB22CB1E4AFE460097C2D0 /* Build configuration list for PBXProject "链式编程" */;
			compatibilityVersion = "Xcode 3.2";
			developmentRegion = English;
			hasScannedForEncodings = 0;
			knownRegions = (
				en,
				Base,
			);
			mainGroup = EADB22C71E4AFE460097C2D0;
			productRefGroup = EADB22D11E4AFE470097C2D0 /* Products */;
			projectDirPath = "";
			projectRoot = "";
			targets = (
				EADB22CF1E4AFE470097C2D0 /* 链式编程 */,
			);
		};
/* End PBXProject section */

/* Begin PBXResourcesBuildPhase section */
		EADB22CE1E4AFE470097C2D0 /* Resources */ = {
			isa = PBXResourcesBuildPhase;
			buildActionMask = 2147483647;
			files = (
				EADB22E31E4AFE470097C2D0 /* LaunchScreen.storyboard in Resources */,
				EADB22E01E4AFE470097C2D0 /* Assets.xcassets in Resources */,
				EADB22DE1E4AFE470097C2D0 /* Main.storyboard in Resources */,
			);
			runOnlyForDeploymentPostprocessing = 0;
		};
/* End PBXResourcesBuildPhase section */

/* Begin PBXSourcesBuildPhase section */
		EADB22CC1E4AFE470097C2D0 /* Sources */ = {
			isa = PBXSourcesBuildPhase;
			buildActionMask = 2147483647;
			files = (
				EADB22DB1E4AFE470097C2D0 /* ViewController.m in Sources */,
				EADB22EC1E4AFE990097C2D0 /* CaculatorMaker.m in Sources */,
				EADB22D81E4AFE470097C2D0 /* AppDelegate.m in Sources */,
				EADB22EF1E4B02A90097C2D0 /* ZTOperation.m in Sources */,
				EADB22D51E4AFE470097C2D0 /* main.m in Sources */,
			);
			runOnlyForDeploymentPostprocessing = 0;
		};
/* End PBXSourcesBuildPhase section */

/* Begin PBXVariantGroup section */
		EADB22DC1E4AFE470097C2D0 /* Main.storyboard */ = {
			isa = PBXVariantGroup;
			children = (
				EADB22DD1E4AFE470097C2D0 /* Base */,
			);
			name = Main.storyboard;
			sourceTree = "<group>";
		};
		EADB22E11E4AFE470097C2D0 /* LaunchScreen.storyboard */ = {
			isa = PBXVariantGroup;
			children = (
				EADB22E21E4AFE470097C2D0 /* Base */,
			);
			name = LaunchScreen.storyboard;
			sourceTree = "<group>";
		};
/* End PBXVariantGroup section */

/* Begin XCBuildConfiguration section */
		EADB22E51E4AFE470097C2D0 /* Debug */ = {
			isa = XCBuildConfiguration;
			buildSettings = {
				ALWAYS_SEARCH_USER_PATHS = NO;
				CLANG_ANALYZER_NONNULL = YES;
				CLANG_CXX_LANGUAGE_STANDARD = "gnu++0x";
				CLANG_CXX_LIBRARY = "libc++";
				CLANG_ENABLE_MODULES = YES;
				CLANG_ENABLE_OBJC_ARC = YES;
				CLANG_WARN_BOOL_CONVERSION = YES;
				CLANG_WARN_CONSTANT_CONVERSION = YES;
				CLANG_WARN_DIRECT_OBJC_ISA_USAGE = YES_ERROR;
				CLANG_WARN_DOCUMENTATION_COMMENTS = YES;
				CLANG_WARN_EMPTY_BODY = YES;
				CLANG_WARN_ENUM_CONVERSION = YES;
				CLANG_WARN_INFINITE_RECURSION = YES;
				CLANG_WARN_INT_CONVERSION = YES;
				CLANG_WARN_OBJC_ROOT_CLASS = YES_ERROR;
				CLANG_WARN_SUSPICIOUS_MOVES = YES;
				CLANG_WARN_UNREACHABLE_CODE = YES;
				CLANG_WARN__DUPLICATE_METHOD_MATCH = YES;
				"CODE_SIGN_IDENTITY[sdk=iphoneos*]" = "iPhone Developer";
				COPY_PHASE_STRIP = NO;
				DEBUG_INFORMATION_FORMAT = dwarf;
				ENABLE_STRICT_OBJC_MSGSEND = YES;
				ENABLE_TESTABILITY = YES;
				GCC_C_LANGUAGE_STANDARD = gnu99;
				GCC_DYNAMIC_NO_PIC = NO;
				GCC_NO_COMMON_BLOCKS = YES;
				GCC_OPTIMIZATION_LEVEL = 0;
				GCC_PREPROCESSOR_DEFINITIONS = (
					"DEBUG=1",
					"$(inherited)",
				);
				GCC_WARN_64_TO_32_BIT_CONVERSION = YES;
				GCC_WARN_ABOUT_RETURN_TYPE = YES_ERROR;
				GCC_WARN_UNDECLARED_SELECTOR = YES;
				GCC_WARN_UNINITIALIZED_AUTOS = YES_AGGRESSIVE;
				GCC_WARN_UNUSED_FUNCTION = YES;
				GCC_WARN_UNUSED_VARIABLE = YES;
				IPHONEOS_DEPLOYMENT_TARGET = 10.0;
				MTL_ENABLE_DEBUG_INFO = YES;
				ONLY_ACTIVE_ARCH = YES;
				SDKROOT = iphoneos;
			};
			name = Debug;
		};
		EADB22E61E4AFE470097C2D0 /* Release */ = {
			isa = XCBuildConfiguration;
			buildSettings = {
				ALWAYS_SEARCH_USER_PATHS = NO;
				CLANG_ANALYZER_NONNULL = YES;
				CLANG_CXX_LANGUAGE_STANDARD = "gnu++0x";
				CLANG_CXX_LIBRARY = "libc++";
				CLANG_ENABLE_MODULES = YES;
				CLANG_ENABLE_OBJC_ARC = YES;
				CLANG_WARN_BOOL_CONVERSION = YES;
				CLANG_WARN_CONSTANT_CONVERSION = YES;
				CLANG_WARN_DIRECT_OBJC_ISA_USAGE = YES_ERROR;
				CLANG_WARN_DOCUMENTATION_COMMENTS = YES;
				CLANG_WARN_EMPTY_BODY = YES;
				CLANG_WARN_ENUM_CONVERSION = YES;
				CLANG_WARN_INFINITE_RECURSION = YES;
				CLANG_WARN_INT_CONVERSION = YES;
				CLANG_WARN_OBJC_ROOT_CLASS = YES_ERROR;
				CLANG_WARN_SUSPICIOUS_MOVES = YES;
				CLANG_WARN_UNREACHABLE_CODE = YES;
				CLANG_WARN__DUPLICATE_METHOD_MATCH = YES;
				"CODE_SIGN_IDENTITY[sdk=iphoneos*]" = "iPhone Developer";
				COPY_PHASE_STRIP = NO;
				DEBUG_INFORMATION_FORMAT = "dwarf-with-dsym";
				ENABLE_NS_ASSERTIONS = NO;
				ENABLE_STRICT_OBJC_MSGSEND = YES;
				GCC_C_LANGUAGE_STANDARD = gnu99;
				GCC_NO_COMMON_BLOCKS = YES;
				GCC_WARN_64_TO_32_BIT_CONVERSION = YES;
				GCC_WARN_ABOUT_RETURN_TYPE = YES_ERROR;
				GCC_WARN_UNDECLARED_SELECTOR = YES;
				GCC_WARN_UNINITIALIZED_AUTOS = YES_AGGRESSIVE;
				GCC_WARN_UNUSED_FUNCTION = YES;
				GCC_WARN_UNUSED_VARIABLE = YES;
				IPHONEOS_DEPLOYMENT_TARGET = 10.0;
				MTL_ENABLE_DEBUG_INFO = NO;
				SDKROOT = iphoneos;
				VALIDATE_PRODUCT = YES;
			};
			name = Release;
		};
		EADB22E81E4AFE470097C2D0 /* Debug */ = {
			isa = XCBuildConfiguration;
			buildSettings = {
				ASSETCATALOG_COMPILER_APPICON_NAME = AppIcon;
				INFOPLIST_FILE = "链式编程/Info.plist";
				LD_RUNPATH_SEARCH_PATHS = "$(inherited) @executable_path/Frameworks";
				PRODUCT_BUNDLE_IDENTIFIER = "com.ZThink.----";
				PRODUCT_NAME = "$(TARGET_NAME)";
			};
			name = Debug;
		};
		EADB22E91E4AFE470097C2D0 /* Release */ = {
			isa = XCBuildConfiguration;
			buildSettings = {
				ASSETCATALOG_COMPILER_APPICON_NAME = AppIcon;
				INFOPLIST_FILE = "链式编程/Info.plist";
				LD_RUNPATH_SEARCH_PATHS = "$(inherited) @executable_path/Frameworks";
				PRODUCT_BUNDLE_IDENTIFIER = "com.ZThink.----";
				PRODUCT_NAME = "$(TARGET_NAME)";
			};
			name = Release;
		};
/* End XCBuildConfiguration section */

/* Begin XCConfigurationList section */
		EADB22CB1E4AFE460097C2D0 /* Build configuration list for PBXProject "链式编程" */ = {
			isa = XCConfigurationList;
			buildConfigurations = (
				EADB22E51E4AFE470097C2D0 /* Debug */,
				EADB22E61E4AFE470097C2D0 /* Release */,
			);
			defaultConfigurationIsVisible = 0;
			defaultConfigurationName = Release;
		};
		EADB22E71E4AFE470097C2D0 /* Build configuration list for PBXNativeTarget "链式编程" */ = {
			isa = XCConfigurationList;
			buildConfigurations = (
				EADB22E81E4AFE470097C2D0 /* Debug */,
				EADB22E91E4AFE470097C2D0 /* Release */,
			);
			defaultConfigurationIsVisible = 0;
		};
/* End XCConfigurationList section */
	};
	rootObject = EADB22C81E4AFE460097C2D0 /* Project object */;
}
